// !$*UTF8*$!
{
	archiveVersion = 1;
	classes = {
	};
	objectVersion = 55;
	objects = {

/* Begin PBXBuildFile section */
		3BB994A827A1B1A800CDFFDF /* AppDelegate.swift in Sources */ = {isa = PBXBuildFile; fileRef = 3BB994A727A1B1A800CDFFDF /* AppDelegate.swift */; };
		3BB994AA27A1B1A800CDFFDF /* SceneDelegate.swift in Sources */ = {isa = PBXBuildFile; fileRef = 3BB994A927A1B1A800CDFFDF /* SceneDelegate.swift */; };
		3BB994AF27A1B1A800CDFFDF /* Main.storyboard in Resources */ = {isa = PBXBuildFile; fileRef = 3BB994AD27A1B1A800CDFFDF /* Main.storyboard */; };
		3BB994B227A1B1A800CDFFDF /* EventManager.xcdatamodeld in Sources */ = {isa = PBXBuildFile; fileRef = 3BB994B027A1B1A800CDFFDF /* EventManager.xcdatamodeld */; };
		3BB994B427A1B1AA00CDFFDF /* Assets.xcassets in Resources */ = {isa = PBXBuildFile; fileRef = 3BB994B327A1B1AA00CDFFDF /* Assets.xcassets */; };
		3BB994B727A1B1AA00CDFFDF /* LaunchScreen.storyboard in Resources */ = {isa = PBXBuildFile; fileRef = 3BB994B527A1B1AA00CDFFDF /* LaunchScreen.storyboard */; };
		3BB994C527A1BEFC00CDFFDF /* EventsListTableViewController.swift in Sources */ = {isa = PBXBuildFile; fileRef = 3BB994C427A1BEFC00CDFFDF /* EventsListTableViewController.swift */; };
		3BB994C727A1BF2800CDFFDF /* EventDetailViewController.swift in Sources */ = {isa = PBXBuildFile; fileRef = 3BB994C627A1BF2800CDFFDF /* EventDetailViewController.swift */; };
		3BB994CA27A1C32700CDFFDF /* EventTableViewCell.swift in Sources */ = {isa = PBXBuildFile; fileRef = 3BB994C927A1C32700CDFFDF /* EventTableViewCell.swift */; };
		3BB994CC27A1C69200CDFFDF /* EventController.swift in Sources */ = {isa = PBXBuildFile; fileRef = 3BB994CB27A1C69200CDFFDF /* EventController.swift */; };
		3BB994CE27A1CA7A00CDFFDF /* CoreDataStack.swift in Sources */ = {isa = PBXBuildFile; fileRef = 3BB994CD27A1CA7A00CDFFDF /* CoreDataStack.swift */; };
		3BB994D027A1E85500CDFFDF /* Event+Convenience.swift in Sources */ = {isa = PBXBuildFile; fileRef = 3BB994CF27A1E85400CDFFDF /* Event+Convenience.swift */; };
/* End PBXBuildFile section */

/* Begin PBXFileReference section */
		3BB994A427A1B1A800CDFFDF /* EventManager.app */ = {isa = PBXFileReference; explicitFileType = wrapper.application; includeInIndex = 0; path = EventManager.app; sourceTree = BUILT_PRODUCTS_DIR; };
		3BB994A727A1B1A800CDFFDF /* AppDelegate.swift */ = {isa = PBXFileReference; lastKnownFileType = sourcecode.swift; path = AppDelegate.swift; sourceTree = "<group>"; };
		3BB994A927A1B1A800CDFFDF /* SceneDelegate.swift */ = {isa = PBXFileReference; lastKnownFileType = sourcecode.swift; path = SceneDelegate.swift; sourceTree = "<group>"; };
		3BB994AE27A1B1A800CDFFDF /* Base */ = {isa = PBXFileReference; lastKnownFileType = file.storyboard; name = Base; path = Base.lproj/Main.storyboard; sourceTree = "<group>"; };
		3BB994B127A1B1A800CDFFDF /* EventManager.xcdatamodel */ = {isa = PBXFileReference; lastKnownFileType = wrapper.xcdatamodel; path = EventManager.xcdatamodel; sourceTree = "<group>"; };
		3BB994B327A1B1AA00CDFFDF /* Assets.xcassets */ = {isa = PBXFileReference; lastKnownFileType = folder.assetcatalog; path = Assets.xcassets; sourceTree = "<group>"; };
		3BB994B627A1B1AA00CDFFDF /* Base */ = {isa = PBXFileReference; lastKnownFileType = file.storyboard; name = Base; path = Base.lproj/LaunchScreen.storyboard; sourceTree = "<group>"; };
		3BB994B827A1B1AA00CDFFDF /* Info.plist */ = {isa = PBXFileReference; lastKnownFileType = text.plist.xml; path = Info.plist; sourceTree = "<group>"; };
		3BB994C427A1BEFC00CDFFDF /* EventsListTableViewController.swift */ = {isa = PBXFileReference; lastKnownFileType = sourcecode.swift; path = EventsListTableViewController.swift; sourceTree = "<group>"; };
		3BB994C627A1BF2800CDFFDF /* EventDetailViewController.swift */ = {isa = PBXFileReference; lastKnownFileType = sourcecode.swift; path = EventDetailViewController.swift; sourceTree = "<group>"; };
		3BB994C927A1C32700CDFFDF /* EventTableViewCell.swift */ = {isa = PBXFileReference; lastKnownFileType = sourcecode.swift; path = EventTableViewCell.swift; sourceTree = "<group>"; };
		3BB994CB27A1C69200CDFFDF /* EventController.swift */ = {isa = PBXFileReference; lastKnownFileType = sourcecode.swift; path = EventController.swift; sourceTree = "<group>"; };
		3BB994CD27A1CA7A00CDFFDF /* CoreDataStack.swift */ = {isa = PBXFileReference; lastKnownFileType = sourcecode.swift; path = CoreDataStack.swift; sourceTree = "<group>"; };
		3BB994CF27A1E85400CDFFDF /* Event+Convenience.swift */ = {isa = PBXFileReference; lastKnownFileType = sourcecode.swift; path = "Event+Convenience.swift"; sourceTree = "<group>"; };
/* End PBXFileReference section */

/* Begin PBXFrameworksBuildPhase section */
		3BB994A127A1B1A800CDFFDF /* Frameworks */ = {
			isa = PBXFrameworksBuildPhase;
			buildActionMask = 2147483647;
			files = (
			);
			runOnlyForDeploymentPostprocessing = 0;
		};
/* End PBXFrameworksBuildPhase section */

/* Begin PBXGroup section */
		3BB9949B27A1B1A800CDFFDF = {
			isa = PBXGroup;
			children = (
				3BB994A627A1B1A800CDFFDF /* EventManager */,
				3BB994A527A1B1A800CDFFDF /* Products */,
			);
			sourceTree = "<group>";
		};
		3BB994A527A1B1A800CDFFDF /* Products */ = {
			isa = PBXGroup;
			children = (
				3BB994A427A1B1A800CDFFDF /* EventManager.app */,
			);
			name = Products;
			sourceTree = "<group>";
		};
		3BB994A627A1B1A800CDFFDF /* EventManager */ = {
			isa = PBXGroup;
			children = (
				3BB994C027A1B21200CDFFDF /* Core Data Model */,
				3BB994C827A1C2F400CDFFDF /* Custum View */,
				3BB994BF27A1B20100CDFFDF /* Controllers */,
				3BB994C127A1B22000CDFFDF /* Storyboads */,
				3BB994BE27A1B1C300CDFFDF /* Resources */,
			);
			path = EventManager;
			sourceTree = "<group>";
		};
		3BB994BE27A1B1C300CDFFDF /* Resources */ = {
			isa = PBXGroup;
			children = (
				3BB994A927A1B1A800CDFFDF /* SceneDelegate.swift */,
				3BB994A727A1B1A800CDFFDF /* AppDelegate.swift */,
				3BB994B327A1B1AA00CDFFDF /* Assets.xcassets */,
				3BB994B827A1B1AA00CDFFDF /* Info.plist */,
			);
			path = Resources;
			sourceTree = "<group>";
		};
		3BB994BF27A1B20100CDFFDF /* Controllers */ = {
			isa = PBXGroup;
			children = (
				3BB994C227A1B25800CDFFDF /* Model Controller */,
				3BB994C327A1B27600CDFFDF /* View Controller */,
			);
			path = Controllers;
			sourceTree = "<group>";
		};
		3BB994C027A1B21200CDFFDF /* Core Data Model */ = {
			isa = PBXGroup;
			children = (
				3BB994B027A1B1A800CDFFDF /* EventManager.xcdatamodeld */,
				3BB994CD27A1CA7A00CDFFDF /* CoreDataStack.swift */,
				3BB994CF27A1E85400CDFFDF /* Event+Convenience.swift */,
			);
			path = "Core Data Model";
			sourceTree = "<group>";
		};
		3BB994C127A1B22000CDFFDF /* Storyboads */ = {
			isa = PBXGroup;
			children = (
				3BB994B527A1B1AA00CDFFDF /* LaunchScreen.storyboard */,
				3BB994AD27A1B1A800CDFFDF /* Main.storyboard */,
			);
			path = Storyboads;
			sourceTree = "<group>";
		};
		3BB994C227A1B25800CDFFDF /* Model Controller */ = {
			isa = PBXGroup;
			children = (
				3BB994CB27A1C69200CDFFDF /* EventController.swift */,
			);
			path = "Model Controller";
			sourceTree = "<group>";
		};
		3BB994C327A1B27600CDFFDF /* View Controller */ = {
			isa = PBXGroup;
			children = (
				3BB994C427A1BEFC00CDFFDF /* EventsListTableViewController.swift */,
				3BB994C627A1BF2800CDFFDF /* EventDetailViewController.swift */,
			);
			path = "View Controller";
			sourceTree = "<group>";
		};
		3BB994C827A1C2F400CDFFDF /* Custum View */ = {
			isa = PBXGroup;
			children = (
				3BB994C927A1C32700CDFFDF /* EventTableViewCell.swift */,
			);
			path = "Custum View";
			sourceTree = "<group>";
		};
/* End PBXGroup section */

/* Begin PBXNativeTarget section */
		3BB994A327A1B1A800CDFFDF /* EventManager */ = {
			isa = PBXNativeTarget;
			buildConfigurationList = 3BB994BB27A1B1AA00CDFFDF /* Build configuration list for PBXNativeTarget "EventManager" */;
			buildPhases = (
				3BB994A027A1B1A800CDFFDF /* Sources */,
				3BB994A127A1B1A800CDFFDF /* Frameworks */,
				3BB994A227A1B1A800CDFFDF /* Resources */,
			);
			buildRules = (
			);
			dependencies = (
			);
			name = EventManager;
			productName = EventManager;
			productReference = 3BB994A427A1B1A800CDFFDF /* EventManager.app */;
			productType = "com.apple.product-type.application";
		};
/* End PBXNativeTarget section */

/* Begin PBXProject section */
		3BB9949C27A1B1A800CDFFDF /* Project object */ = {
			isa = PBXProject;
			attributes = {
				BuildIndependentTargetsInParallel = 1;
				LastSwiftUpdateCheck = 1320;
				LastUpgradeCheck = 1320;
				TargetAttributes = {
					3BB994A327A1B1A800CDFFDF = {
						CreatedOnToolsVersion = 13.2.1;
					};
				};
			};
			buildConfigurationList = 3BB9949F27A1B1A800CDFFDF /* Build configuration list for PBXProject "EventManager" */;
			compatibilityVersion = "Xcode 13.0";
			developmentRegion = en;
			hasScannedForEncodings = 0;
			knownRegions = (
				en,
				Base,
			);
			mainGroup = 3BB9949B27A1B1A800CDFFDF;
			productRefGroup = 3BB994A527A1B1A800CDFFDF /* Products */;
			projectDirPath = "";
			projectRoot = "";
			targets = (
				3BB994A327A1B1A800CDFFDF /* EventManager */,
			);
		};
/* End PBXProject section */

/* Begin PBXResourcesBuildPhase section */
		3BB994A227A1B1A800CDFFDF /* Resources */ = {
			isa = PBXResourcesBuildPhase;
			buildActionMask = 2147483647;
			files = (
				3BB994B727A1B1AA00CDFFDF /* LaunchScreen.storyboard in Resources */,
				3BB994B427A1B1AA00CDFFDF /* Assets.xcassets in Resources */,
				3BB994AF27A1B1A800CDFFDF /* Main.storyboard in Resources */,
			);
			runOnlyForDeploymentPostprocessing = 0;
		};
/* End PBXResourcesBuildPhase section */

/* Begin PBXSourcesBuildPhase section */
		3BB994A027A1B1A800CDFFDF /* Sources */ = {
			isa = PBXSourcesBuildPhase;
			buildActionMask = 2147483647;
			files = (
				3BB994CA27A1C32700CDFFDF /* EventTableViewCell.swift in Sources */,
				3BB994C727A1BF2800CDFFDF /* EventDetailViewController.swift in Sources */,
				3BB994A827A1B1A800CDFFDF /* AppDelegate.swift in Sources */,
				3BB994D027A1E85500CDFFDF /* Event+Convenience.swift in Sources */,
				3BB994B227A1B1A800CDFFDF /* EventManager.xcdatamodeld in Sources */,
				3BB994C527A1BEFC00CDFFDF /* EventsListTableViewController.swift in Sources */,
				3BB994CC27A1C69200CDFFDF /* EventController.swift in Sources */,
				3BB994AA27A1B1A800CDFFDF /* SceneDelegate.swift in Sources */,
				3BB994CE27A1CA7A00CDFFDF /* CoreDataStack.swift in Sources */,
			);
			runOnlyForDeploymentPostprocessing = 0;
		};
/* End PBXSourcesBuildPhase section */

/* Begin PBXVariantGroup section */
		3BB994AD27A1B1A800CDFFDF /* Main.storyboard */ = {
			isa = PBXVariantGroup;
			children = (
				3BB994AE27A1B1A800CDFFDF /* Base */,
			);
			name = Main.storyboard;
			sourceTree = "<group>";
		};
		3BB994B527A1B1AA00CDFFDF /* LaunchScreen.storyboard */ = {
			isa = PBXVariantGroup;
			children = (
				3BB994B627A1B1AA00CDFFDF /* Base */,
			);
			name = LaunchScreen.storyboard;
			sourceTree = "<group>";
		};
/* End PBXVariantGroup section */

/* Begin XCBuildConfiguration section */
		3BB994B927A1B1AA00CDFFDF /* Debug */ = {
			isa = XCBuildConfiguration;
			buildSettings = {
				ALWAYS_SEARCH_USER_PATHS = NO;
				CLANG_ANALYZER_NONNULL = YES;
				CLANG_ANALYZER_NUMBER_OBJECT_CONVERSION = YES_AGGRESSIVE;
				CLANG_CXX_LANGUAGE_STANDARD = "gnu++17";
				CLANG_CXX_LIBRARY = "libc++";
				CLANG_ENABLE_MODULES = YES;
				CLANG_ENABLE_OBJC_ARC = YES;
				CLANG_ENABLE_OBJC_WEAK = YES;
				CLANG_WARN_BLOCK_CAPTURE_AUTORELEASING = YES;
				CLANG_WARN_BOOL_CONVERSION = YES;
				CLANG_WARN_COMMA = YES;
				CLANG_WARN_CONSTANT_CONVERSION = YES;
				CLANG_WARN_DEPRECATED_OBJC_IMPLEMENTATIONS = YES;
				CLANG_WARN_DIRECT_OBJC_ISA_USAGE = YES_ERROR;
				CLANG_WARN_DOCUMENTATION_COMMENTS = YES;
				CLANG_WARN_EMPTY_BODY = YES;
				CLANG_WARN_ENUM_CONVERSION = YES;
				CLANG_WARN_INFINITE_RECURSION = YES;
				CLANG_WARN_INT_CONVERSION = YES;
				CLANG_WARN_NON_LITERAL_NULL_CONVERSION = YES;
				CLANG_WARN_OBJC_IMPLICIT_RETAIN_SELF = YES;
				CLANG_WARN_OBJC_LITERAL_CONVERSION = YES;
				CLANG_WARN_OBJC_ROOT_CLASS = YES_ERROR;
				CLANG_WARN_QUOTED_INCLUDE_IN_FRAMEWORK_HEADER = YES;
				CLANG_WARN_RANGE_LOOP_ANALYSIS = YES;
				CLANG_WARN_STRICT_PROTOTYPES = YES;
				CLANG_WARN_SUSPICIOUS_MOVE = YES;
				CLANG_WARN_UNGUARDED_AVAILABILITY = YES_AGGRESSIVE;
				CLANG_WARN_UNREACHABLE_CODE = YES;
				CLANG_WARN__DUPLICATE_METHOD_MATCH = YES;
				COPY_PHASE_STRIP = NO;
				DEBUG_INFORMATION_FORMAT = dwarf;
				ENABLE_STRICT_OBJC_MSGSEND = YES;
				ENABLE_TESTABILITY = YES;
				GCC_C_LANGUAGE_STANDARD = gnu11;
				GCC_DYNAMIC_NO_PIC = NO;
				GCC_NO_COMMON_BLOCKS = YES;
				GCC_OPTIMIZATION_LEVEL = 0;
				GCC_PREPROCESSOR_DEFINITIONS = (
					"DEBUG=1",
					"$(inherited)",
				);
				GCC_WARN_64_TO_32_BIT_CONVERSION = YES;
				GCC_WARN_ABOUT_RETURN_TYPE = YES_ERROR;
				GCC_WARN_UNDECLARED_SELECTOR = YES;
				GCC_WARN_UNINITIALIZED_AUTOS = YES_AGGRESSIVE;
				GCC_WARN_UNUSED_FUNCTION = YES;
				GCC_WARN_UNUSED_VARIABLE = YES;
				IPHONEOS_DEPLOYMENT_TARGET = 15.2;
				MTL_ENABLE_DEBUG_INFO = INCLUDE_SOURCE;
				MTL_FAST_MATH = YES;
				ONLY_ACTIVE_ARCH = YES;
				SDKROOT = iphoneos;
				SWIFT_ACTIVE_COMPILATION_CONDITIONS = DEBUG;
				SWIFT_OPTIMIZATION_LEVEL = "-Onone";
			};
			name = Debug;
		};
		3BB994BA27A1B1AA00CDFFDF /* Release */ = {
			isa = XCBuildConfiguration;
			buildSettings = {
				ALWAYS_SEARCH_USER_PATHS = NO;
				CLANG_ANALYZER_NONNULL = YES;
				CLANG_ANALYZER_NUMBER_OBJECT_CONVERSION = YES_AGGRESSIVE;
				CLANG_CXX_LANGUAGE_STANDARD = "gnu++17";
				CLANG_CXX_LIBRARY = "libc++";
				CLANG_ENABLE_MODULES = YES;
				CLANG_ENABLE_OBJC_ARC = YES;
				CLANG_ENABLE_OBJC_WEAK = YES;
				CLANG_WARN_BLOCK_CAPTURE_AUTORELEASING = YES;
				CLANG_WARN_BOOL_CONVERSION = YES;
				CLANG_WARN_COMMA = YES;
				CLANG_WARN_CONSTANT_CONVERSION = YES;
				CLANG_WARN_DEPRECATED_OBJC_IMPLEMENTATIONS = YES;
				CLANG_WARN_DIRECT_OBJC_ISA_USAGE = YES_ERROR;
				CLANG_WARN_DOCUMENTATION_COMMENTS = YES;
				CLANG_WARN_EMPTY_BODY = YES;
				CLANG_WARN_ENUM_CONVERSION = YES;
				CLANG_WARN_INFINITE_RECURSION = YES;
				CLANG_WARN_INT_CONVERSION = YES;
				CLANG_WARN_NON_LITERAL_NULL_CONVERSION = YES;
				CLANG_WARN_OBJC_IMPLICIT_RETAIN_SELF = YES;
				CLANG_WARN_OBJC_LITERAL_CONVERSION = YES;
				CLANG_WARN_OBJC_ROOT_CLASS = YES_ERROR;
				CLANG_WARN_QUOTED_INCLUDE_IN_FRAMEWORK_HEADER = YES;
				CLANG_WARN_RANGE_LOOP_ANALYSIS = YES;
				CLANG_WARN_STRICT_PROTOTYPES = YES;
				CLANG_WARN_SUSPICIOUS_MOVE = YES;
				CLANG_WARN_UNGUARDED_AVAILABILITY = YES_AGGRESSIVE;
				CLANG_WARN_UNREACHABLE_CODE = YES;
				CLANG_WARN__DUPLICATE_METHOD_MATCH = YES;
				COPY_PHASE_STRIP = NO;
				DEBUG_INFORMATION_FORMAT = "dwarf-with-dsym";
				ENABLE_NS_ASSERTIONS = NO;
				ENABLE_STRICT_OBJC_MSGSEND = YES;
				GCC_C_LANGUAGE_STANDARD = gnu11;
				GCC_NO_COMMON_BLOCKS = YES;
				GCC_WARN_64_TO_32_BIT_CONVERSION = YES;
				GCC_WARN_ABOUT_RETURN_TYPE = YES_ERROR;
				GCC_WARN_UNDECLARED_SELECTOR = YES;
				GCC_WARN_UNINITIALIZED_AUTOS = YES_AGGRESSIVE;
				GCC_WARN_UNUSED_FUNCTION = YES;
				GCC_WARN_UNUSED_VARIABLE = YES;
				IPHONEOS_DEPLOYMENT_TARGET = 15.2;
				MTL_ENABLE_DEBUG_INFO = NO;
				MTL_FAST_MATH = YES;
				SDKROOT = iphoneos;
				SWIFT_COMPILATION_MODE = wholemodule;
				SWIFT_OPTIMIZATION_LEVEL = "-O";
				VALIDATE_PRODUCT = YES;
			};
			name = Release;
		};
		3BB994BC27A1B1AA00CDFFDF /* Debug */ = {
			isa = XCBuildConfiguration;
			buildSettings = {
				ASSETCATALOG_COMPILER_APPICON_NAME = AppIcon;
				ASSETCATALOG_COMPILER_GLOBAL_ACCENT_COLOR_NAME = AccentColor;
				CODE_SIGN_STYLE = Automatic;
				CURRENT_PROJECT_VERSION = 1;
				DEVELOPMENT_TEAM = G3VP62JDQQ;
				GENERATE_INFOPLIST_FILE = YES;
				INFOPLIST_FILE = EventManager/Resources/Info.plist;
				INFOPLIST_KEY_UIApplicationSupportsIndirectInputEvents = YES;
				INFOPLIST_KEY_UILaunchStoryboardName = LaunchScreen;
				INFOPLIST_KEY_UIMainStoryboardFile = Main;
				INFOPLIST_KEY_UISupportedInterfaceOrientations_iPad = "UIInterfaceOrientationPortrait UIInterfaceOrientationPortraitUpsideDown UIInterfaceOrientationLandscapeLeft UIInterfaceOrientationLandscapeRight";
				INFOPLIST_KEY_UISupportedInterfaceOrientations_iPhone = "UIInterfaceOrientationPortrait UIInterfaceOrientationLandscapeLeft UIInterfaceOrientationLandscapeRight";
				LD_RUNPATH_SEARCH_PATHS = (
					"$(inherited)",
					"@executable_path/Frameworks",
				);
				MARKETING_VERSION = 1.0;
				PRODUCT_BUNDLE_IDENTIFIER = "com.mitya-kim.EventManager";
				PRODUCT_NAME = "$(TARGET_NAME)";
				SWIFT_EMIT_LOC_STRINGS = YES;
				SWIFT_VERSION = 5.0;
				TARGETED_DEVICE_FAMILY = "1,2";
			};
			name = Debug;
		};
		3BB994BD27A1B1AA00CDFFDF /* Release */ = {
			isa = XCBuildConfiguration;
			buildSettings = {
				ASSETCATALOG_COMPILER_APPICON_NAME = AppIcon;
				ASSETCATALOG_COMPILER_GLOBAL_ACCENT_COLOR_NAME = AccentColor;
				CODE_SIGN_STYLE = Automatic;
				CURRENT_PROJECT_VERSION = 1;
				DEVELOPMENT_TEAM = G3VP62JDQQ;
				GENERATE_INFOPLIST_FILE = YES;
				INFOPLIST_FILE = EventManager/Resources/Info.plist;
				INFOPLIST_KEY_UIApplicationSupportsIndirectInputEvents = YES;
				INFOPLIST_KEY_UILaunchStoryboardName = LaunchScreen;
				INFOPLIST_KEY_UIMainStoryboardFile = Main;
				INFOPLIST_KEY_UISupportedInterfaceOrientations_iPad = "UIInterfaceOrientationPortrait UIInterfaceOrientationPortraitUpsideDown UIInterfaceOrientationLandscapeLeft UIInterfaceOrientationLandscapeRight";
				INFOPLIST_KEY_UISupportedInterfaceOrientations_iPhone = "UIInterfaceOrientationPortrait UIInterfaceOrientationLandscapeLeft UIInterfaceOrientationLandscapeRight";
				LD_RUNPATH_SEARCH_PATHS = (
					"$(inherited)",
					"@executable_path/Frameworks",
				);
				MARKETING_VERSION = 1.0;
				PRODUCT_BUNDLE_IDENTIFIER = "com.mitya-kim.EventManager";
				PRODUCT_NAME = "$(TARGET_NAME)";
				SWIFT_EMIT_LOC_STRINGS = YES;
				SWIFT_VERSION = 5.0;
				TARGETED_DEVICE_FAMILY = "1,2";
			};
			name = Release;
		};
/* End XCBuildConfiguration section */

/* Begin XCConfigurationList section */
		3BB9949F27A1B1A800CDFFDF /* Build configuration list for PBXProject "EventManager" */ = {
			isa = XCConfigurationList;
			buildConfigurations = (
				3BB994B927A1B1AA00CDFFDF /* Debug */,
				3BB994BA27A1B1AA00CDFFDF /* Release */,
			);
			defaultConfigurationIsVisible = 0;
			defaultConfigurationName = Release;
		};
		3BB994BB27A1B1AA00CDFFDF /* Build configuration list for PBXNativeTarget "EventManager" */ = {
			isa = XCConfigurationList;
			buildConfigurations = (
				3BB994BC27A1B1AA00CDFFDF /* Debug */,
				3BB994BD27A1B1AA00CDFFDF /* Release */,
			);
			defaultConfigurationIsVisible = 0;
			defaultConfigurationName = Release;
		};
/* End XCConfigurationList section */

/* Begin XCVersionGroup section */
		3BB994B027A1B1A800CDFFDF /* EventManager.xcdatamodeld */ = {
			isa = XCVersionGroup;
			children = (
				3BB994B127A1B1A800CDFFDF /* EventManager.xcdatamodel */,
			);
			currentVersion = 3BB994B127A1B1A800CDFFDF /* EventManager.xcdatamodel */;
			path = EventManager.xcdatamodeld;
			sourceTree = "<group>";
			versionGroupType = wrapper.xcdatamodel;
		};
/* End XCVersionGroup section */
	};
	rootObject = 3BB9949C27A1B1A800CDFFDF /* Project object */;
}
